
Microsoft Visual Studio Solution File, Format Version 12.00
# Visual Studio Version 17
VisualStudioVersion = 17.10.35013.160
MinimumVisualStudioVersion = 10.0.40219.1
Project("{FAE04EC0-301F-11D3-BF4B-00C04F79EFBC}") = "aga_project", "aga_project\aga_project.csproj", "{191FE124-DF68-4288-985A-B03FF10714AE}"
EndProject
Global
	GlobalSection(SolutionConfigurationPlatforms) = preSolution
		Debug|Any CPU = Debug|Any CPU
		Release|Any CPU = Release|Any CPU
	EndGlobalSection
	GlobalSection(ProjectConfigurationPlatforms) = postSolution
		{191FE124-DF68-4288-985A-B03FF10714AE}.Debug|Any CPU.ActiveCfg = Debug|Any CPU
		{191FE124-DF68-4288-985A-B03FF10714AE}.Debug|Any CPU.Build.0 = Debug|Any CPU
		{191FE124-DF68-4288-985A-B03FF10714AE}.Release|Any CPU.ActiveCfg = Release|Any CPU
		{191FE124-DF68-4288-985A-B03FF10714AE}.Release|Any CPU.Build.0 = Release|Any CPU
	EndGlobalSection
	GlobalSection(SolutionProperties) = preSolution
		HideSolutionNode = FALSE
	EndGlobalSection
	GlobalSection(ExtensibilityGlobals) = postSolution
		SolutionGuid = {33C3ED40-8E57-4ECF-AC55-023E13A25D57}
	EndGlobalSection
EndGlobal
